// !$*UTF8*$!
{
	archiveVersion = 1;
	classes = {
	};
	objectVersion = 50;
	objects = {

/* Begin PBXBuildFile section */
		8BECE0B7243A2B75005703C7 /* AppDelegate.swift in Sources */ = {isa = PBXBuildFile; fileRef = 8BECE0B6243A2B75005703C7 /* AppDelegate.swift */; };
		8BECE0B9243A2B75005703C7 /* SceneDelegate.swift in Sources */ = {isa = PBXBuildFile; fileRef = 8BECE0B8243A2B75005703C7 /* SceneDelegate.swift */; };
		8BECE0BB243A2B75005703C7 /* ContentView.swift in Sources */ = {isa = PBXBuildFile; fileRef = 8BECE0BA243A2B75005703C7 /* ContentView.swift */; };
		8BECE0BD243A2B77005703C7 /* Assets.xcassets in Resources */ = {isa = PBXBuildFile; fileRef = 8BECE0BC243A2B77005703C7 /* Assets.xcassets */; };
		8BECE0C0243A2B77005703C7 /* Preview Assets.xcassets in Resources */ = {isa = PBXBuildFile; fileRef = 8BECE0BF243A2B77005703C7 /* Preview Assets.xcassets */; };
		8BECE0C3243A2B77005703C7 /* LaunchScreen.storyboard in Resources */ = {isa = PBXBuildFile; fileRef = 8BECE0C1243A2B77005703C7 /* LaunchScreen.storyboard */; };
/* End PBXBuildFile section */

/* Begin PBXFileReference section */
		8BECE0B3243A2B75005703C7 /* CloudKitSwiftUI.app */ = {isa = PBXFileReference; explicitFileType = wrapper.application; includeInIndex = 0; path = CloudKitSwiftUI.app; sourceTree = BUILT_PRODUCTS_DIR; };
		8BECE0B6243A2B75005703C7 /* AppDelegate.swift */ = {isa = PBXFileReference; lastKnownFileType = sourcecode.swift; path = AppDelegate.swift; sourceTree = "<group>"; };
		8BECE0B8243A2B75005703C7 /* SceneDelegate.swift */ = {isa = PBXFileReference; lastKnownFileType = sourcecode.swift; path = SceneDelegate.swift; sourceTree = "<group>"; };
		8BECE0BA243A2B75005703C7 /* ContentView.swift */ = {isa = PBXFileReference; lastKnownFileType = sourcecode.swift; path = ContentView.swift; sourceTree = "<group>"; };
		8BECE0BC243A2B77005703C7 /* Assets.xcassets */ = {isa = PBXFileReference; lastKnownFileType = folder.assetcatalog; path = Assets.xcassets; sourceTree = "<group>"; };
		8BECE0BF243A2B77005703C7 /* Preview Assets.xcassets */ = {isa = PBXFileReference; lastKnownFileType = folder.assetcatalog; path = "Preview Assets.xcassets"; sourceTree = "<group>"; };
		8BECE0C2243A2B77005703C7 /* Base */ = {isa = PBXFileReference; lastKnownFileType = file.storyboard; name = Base; path = Base.lproj/LaunchScreen.storyboard; sourceTree = "<group>"; };
		8BECE0C4243A2B77005703C7 /* Info.plist */ = {isa = PBXFileReference; lastKnownFileType = text.plist.xml; path = Info.plist; sourceTree = "<group>"; };
/* End PBXFileReference section */

/* Begin PBXFrameworksBuildPhase section */
		8BECE0B0243A2B75005703C7 /* Frameworks */ = {
			isa = PBXFrameworksBuildPhase;
			buildActionMask = 2147483647;
			files = (
			);
			runOnlyForDeploymentPostprocessing = 0;
		};
/* End PBXFrameworksBuildPhase section */

/* Begin PBXGroup section */
		8BECE0AA243A2B74005703C7 = {
			isa = PBXGroup;
			children = (
				8BECE0B5243A2B75005703C7 /* CloudKitSwiftUI */,
				8BECE0B4243A2B75005703C7 /* Products */,
			);
			sourceTree = "<group>";
		};
		8BECE0B4243A2B75005703C7 /* Products */ = {
			isa = PBXGroup;
			children = (
				8BECE0B3243A2B75005703C7 /* CloudKitSwiftUI.app */,
			);
			name = Products;
			sourceTree = "<group>";
		};
		8BECE0B5243A2B75005703C7 /* CloudKitSwiftUI */ = {
			isa = PBXGroup;
			children = (
				8BECE0B6243A2B75005703C7 /* AppDelegate.swift */,
				8BECE0B8243A2B75005703C7 /* SceneDelegate.swift */,
				8BECE0BA243A2B75005703C7 /* ContentView.swift */,
				8BECE0BC243A2B77005703C7 /* Assets.xcassets */,
				8BECE0C1243A2B77005703C7 /* LaunchScreen.storyboard */,
				8BECE0C4243A2B77005703C7 /* Info.plist */,
				8BECE0BE243A2B77005703C7 /* Preview Content */,
			);
			path = CloudKitSwiftUI;
			sourceTree = "<group>";
		};
		8BECE0BE243A2B77005703C7 /* Preview Content */ = {
			isa = PBXGroup;
			children = (
				8BECE0BF243A2B77005703C7 /* Preview Assets.xcassets */,
			);
			path = "Preview Content";
			sourceTree = "<group>";
		};
/* End PBXGroup section */

/* Begin PBXNativeTarget section */
		8BECE0B2243A2B75005703C7 /* CloudKitSwiftUI */ = {
			isa = PBXNativeTarget;
			buildConfigurationList = 8BECE0C7243A2B77005703C7 /* Build configuration list for PBXNativeTarget "CloudKitSwiftUI" */;
			buildPhases = (
				8BECE0AF243A2B75005703C7 /* Sources */,
				8BECE0B0243A2B75005703C7 /* Frameworks */,
				8BECE0B1243A2B75005703C7 /* Resources */,
			);
			buildRules = (
			);
			dependencies = (
			);
			name = CloudKitSwiftUI;
			productName = CloudKitSwiftUI;
			productReference = 8BECE0B3243A2B75005703C7 /* CloudKitSwiftUI.app */;
			productType = "com.apple.product-type.application";
		};
/* End PBXNativeTarget section */

/* Begin PBXProject section */
		8BECE0AB243A2B74005703C7 /* Project object */ = {
			isa = PBXProject;
			attributes = {
				LastSwiftUpdateCheck = 1140;
				LastUpgradeCheck = 1140;
				ORGANIZATIONNAME = "Nigel Gee";
				TargetAttributes = {
					8BECE0B2243A2B75005703C7 = {
						CreatedOnToolsVersion = 11.4;
					};
				};
			};
			buildConfigurationList = 8BECE0AE243A2B74005703C7 /* Build configuration list for PBXProject "CloudKitSwiftUI" */;
			compatibilityVersion = "Xcode 9.3";
			developmentRegion = en;
			hasScannedForEncodings = 0;
			knownRegions = (
				en,
				Base,
			);
			mainGroup = 8BECE0AA243A2B74005703C7;
			productRefGroup = 8BECE0B4243A2B75005703C7 /* Products */;
			projectDirPath = "";
			projectRoot = "";
			targets = (
				8BECE0B2243A2B75005703C7 /* CloudKitSwiftUI */,
			);
		};
/* End PBXProject section */

/* Begin PBXResourcesBuildPhase section */
		8BECE0B1243A2B75005703C7 /* Resources */ = {
			isa = PBXResourcesBuildPhase;
			buildActionMask = 2147483647;
			files = (
				8BECE0C3243A2B77005703C7 /* LaunchScreen.storyboard in Resources */,
				8BECE0C0243A2B77005703C7 /* Preview Assets.xcassets in Resources */,
				8BECE0BD243A2B77005703C7 /* Assets.xcassets in Resources */,
			);
			runOnlyForDeploymentPostprocessing = 0;
		};
/* End PBXResourcesBuildPhase section */

/* Begin PBXSourcesBuildPhase section */
		8BECE0AF243A2B75005703C7 /* Sources */ = {
			isa = PBXSourcesBuildPhase;
			buildActionMask = 2147483647;
			files = (
				8BECE0B7243A2B75005703C7 /* AppDelegate.swift in Sources */,
				8BECE0B9243A2B75005703C7 /* SceneDelegate.swift in Sources */,
				8BECE0BB243A2B75005703C7 /* ContentView.swift in Sources */,
			);
			runOnlyForDeploymentPostprocessing = 0;
		};
/* End PBXSourcesBuildPhase section */

/* Begin PBXVariantGroup section */
		8BECE0C1243A2B77005703C7 /* LaunchScreen.storyboard */ = {
			isa = PBXVariantGroup;
			children = (
				8BECE0C2243A2B77005703C7 /* Base */,
			);
			name = LaunchScreen.storyboard;
			sourceTree = "<group>";
		};
/* End PBXVariantGroup section */

/* Begin XCBuildConfiguration section */
		8BECE0C5243A2B77005703C7 /* Debug */ = {
			isa = XCBuildConfiguration;
			buildSettings = {
				ALWAYS_SEARCH_USER_PATHS = NO;
				CLANG_ANALYZER_NONNULL = YES;
				CLANG_ANALYZER_NUMBER_OBJECT_CONVERSION = YES_AGGRESSIVE;
				CLANG_CXX_LANGUAGE_STANDARD = "gnu++14";
				CLANG_CXX_LIBRARY = "libc++";
				CLANG_ENABLE_MODULES = YES;
				CLANG_ENABLE_OBJC_ARC = YES;
				CLANG_ENABLE_OBJC_WEAK = YES;
				CLANG_WARN_BLOCK_CAPTURE_AUTORELEASING = YES;
				CLANG_WARN_BOOL_CONVERSION = YES;
				CLANG_WARN_COMMA = YES;
				CLANG_WARN_CONSTANT_CONVERSION = YES;
				CLANG_WARN_DEPRECATED_OBJC_IMPLEMENTATIONS = YES;
				CLANG_WARN_DIRECT_OBJC_ISA_USAGE = YES_ERROR;
				CLANG_WARN_DOCUMENTATION_COMMENTS = YES;
				CLANG_WARN_EMPTY_BODY = YES;
				CLANG_WARN_ENUM_CONVERSION = YES;
				CLANG_WARN_INFINITE_RECURSION = YES;
				CLANG_WARN_INT_CONVERSION = YES;
				CLANG_WARN_NON_LITERAL_NULL_CONVERSION = YES;
				CLANG_WARN_OBJC_IMPLICIT_RETAIN_SELF = YES;
				CLANG_WARN_OBJC_LITERAL_CONVERSION = YES;
				CLANG_WARN_OBJC_ROOT_CLASS = YES_ERROR;
				CLANG_WARN_RANGE_LOOP_ANALYSIS = YES;
				CLANG_WARN_STRICT_PROTOTYPES = YES;
				CLANG_WARN_SUSPICIOUS_MOVE = YES;
				CLANG_WARN_UNGUARDED_AVAILABILITY = YES_AGGRESSIVE;
				CLANG_WARN_UNREACHABLE_CODE = YES;
				CLANG_WARN__DUPLICATE_METHOD_MATCH = YES;
				COPY_PHASE_STRIP = NO;
				DEBUG_INFORMATION_FORMAT = dwarf;
				ENABLE_STRICT_OBJC_MSGSEND = YES;
				ENABLE_TESTABILITY = YES;
				GCC_C_LANGUAGE_STANDARD = gnu11;
				GCC_DYNAMIC_NO_PIC = NO;
				GCC_NO_COMMON_BLOCKS = YES;
				GCC_OPTIMIZATION_LEVEL = 0;
				GCC_PREPROCESSOR_DEFINITIONS = (
					"DEBUG=1",
					"$(inherited)",
				);
				GCC_WARN_64_TO_32_BIT_CONVERSION = YES;
				GCC_WARN_ABOUT_RETURN_TYPE = YES_ERROR;
				GCC_WARN_UNDECLARED_SELECTOR = YES;
				GCC_WARN_UNINITIALIZED_AUTOS = YES_AGGRESSIVE;
				GCC_WARN_UNUSED_FUNCTION = YES;
				GCC_WARN_UNUSED_VARIABLE = YES;
				IPHONEOS_DEPLOYMENT_TARGET = 13.4;
				MTL_ENABLE_DEBUG_INFO = INCLUDE_SOURCE;
				MTL_FAST_MATH = YES;
				ONLY_ACTIVE_ARCH = YES;
				SDKROOT = iphoneos;
				SWIFT_ACTIVE_COMPILATION_CONDITIONS = DEBUG;
				SWIFT_OPTIMIZATION_LEVEL = "-Onone";
			};
			name = Debug;
		};
		8BECE0C6243A2B77005703C7 /* Release */ = {
			isa = XCBuildConfiguration;
			buildSettings = {
				ALWAYS_SEARCH_USER_PATHS = NO;
				CLANG_ANALYZER_NONNULL = YES;
				CLANG_ANALYZER_NUMBER_OBJECT_CONVERSION = YES_AGGRESSIVE;
				CLANG_CXX_LANGUAGE_STANDARD = "gnu++14";
				CLANG_CXX_LIBRARY = "libc++";
				CLANG_ENABLE_MODULES = YES;
				CLANG_ENABLE_OBJC_ARC = YES;
				CLANG_ENABLE_OBJC_WEAK = YES;
				CLANG_WARN_BLOCK_CAPTURE_AUTORELEASING = YES;
				CLANG_WARN_BOOL_CONVERSION = YES;
				CLANG_WARN_COMMA = YES;
				CLANG_WARN_CONSTANT_CONVERSION = YES;
				CLANG_WARN_DEPRECATED_OBJC_IMPLEMENTATIONS = YES;
				CLANG_WARN_DIRECT_OBJC_ISA_USAGE = YES_ERROR;
				CLANG_WARN_DOCUMENTATION_COMMENTS = YES;
				CLANG_WARN_EMPTY_BODY = YES;
				CLANG_WARN_ENUM_CONVERSION = YES;
				CLANG_WARN_INFINITE_RECURSION = YES;
				CLANG_WARN_INT_CONVERSION = YES;
				CLANG_WARN_NON_LITERAL_NULL_CONVERSION = YES;
				CLANG_WARN_OBJC_IMPLICIT_RETAIN_SELF = YES;
				CLANG_WARN_OBJC_LITERAL_CONVERSION = YES;
				CLANG_WARN_OBJC_ROOT_CLASS = YES_ERROR;
				CLANG_WARN_RANGE_LOOP_ANALYSIS = YES;
				CLANG_WARN_STRICT_PROTOTYPES = YES;
				CLANG_WARN_SUSPICIOUS_MOVE = YES;
				CLANG_WARN_UNGUARDED_AVAILABILITY = YES_AGGRESSIVE;
				CLANG_WARN_UNREACHABLE_CODE = YES;
				CLANG_WARN__DUPLICATE_METHOD_MATCH = YES;
				COPY_PHASE_STRIP = NO;
				DEBUG_INFORMATION_FORMAT = "dwarf-with-dsym";
				ENABLE_NS_ASSERTIONS = NO;
				ENABLE_STRICT_OBJC_MSGSEND = YES;
				GCC_C_LANGUAGE_STANDARD = gnu11;
				GCC_NO_COMMON_BLOCKS = YES;
				GCC_WARN_64_TO_32_BIT_CONVERSION = YES;
				GCC_WARN_ABOUT_RETURN_TYPE = YES_ERROR;
				GCC_WARN_UNDECLARED_SELECTOR = YES;
				GCC_WARN_UNINITIALIZED_AUTOS = YES_AGGRESSIVE;
				GCC_WARN_UNUSED_FUNCTION = YES;
				GCC_WARN_UNUSED_VARIABLE = YES;
				IPHONEOS_DEPLOYMENT_TARGET = 13.4;
				MTL_ENABLE_DEBUG_INFO = NO;
				MTL_FAST_MATH = YES;
				SDKROOT = iphoneos;
				SWIFT_COMPILATION_MODE = wholemodule;
				SWIFT_OPTIMIZATION_LEVEL = "-O";
				VALIDATE_PRODUCT = YES;
			};
			name = Release;
		};
		8BECE0C8243A2B77005703C7 /* Debug */ = {
			isa = XCBuildConfiguration;
			buildSettings = {
				ASSETCATALOG_COMPILER_APPICON_NAME = AppIcon;
				CODE_SIGN_STYLE = Automatic;
				DEVELOPMENT_ASSET_PATHS = "\"CloudKitSwiftUI/Preview Content\"";
				DEVELOPMENT_TEAM = 5SYZQ266RF;
				ENABLE_PREVIEWS = YES;
				INFOPLIST_FILE = CloudKitSwiftUI/Info.plist;
				LD_RUNPATH_SEARCH_PATHS = (
					"$(inherited)",
					"@executable_path/Frameworks",
				);
				PRODUCT_BUNDLE_IDENTIFIER = co.uk.theappforest.CloudKitSwiftUI;
				PRODUCT_NAME = "$(TARGET_NAME)";
				SWIFT_VERSION = 5.0;
				TARGETED_DEVICE_FAMILY = "1,2";
			};
			name = Debug;
		};
		8BECE0C9243A2B77005703C7 /* Release */ = {
			isa = XCBuildConfiguration;
			buildSettings = {
				ASSETCATALOG_COMPILER_APPICON_NAME = AppIcon;
				CODE_SIGN_STYLE = Automatic;
				DEVELOPMENT_ASSET_PATHS = "\"CloudKitSwiftUI/Preview Content\"";
				DEVELOPMENT_TEAM = 5SYZQ266RF;
				ENABLE_PREVIEWS = YES;
				INFOPLIST_FILE = CloudKitSwiftUI/Info.plist;
				LD_RUNPATH_SEARCH_PATHS = (
					"$(inherited)",
					"@executable_path/Frameworks",
				);
				PRODUCT_BUNDLE_IDENTIFIER = co.uk.theappforest.CloudKitSwiftUI;
				PRODUCT_NAME = "$(TARGET_NAME)";
				SWIFT_VERSION = 5.0;
				TARGETED_DEVICE_FAMILY = "1,2";
			};
			name = Release;
		};
/* End XCBuildConfiguration section */

/* Begin XCConfigurationList section */
		8BECE0AE243A2B74005703C7 /* Build configuration list for PBXProject "CloudKitSwiftUI" */ = {
			isa = XCConfigurationList;
			buildConfigurations = (
				8BECE0C5243A2B77005703C7 /* Debug */,
				8BECE0C6243A2B77005703C7 /* Release */,
			);
			defaultConfigurationIsVisible = 0;
			defaultConfigurationName = Release;
		};
		8BECE0C7243A2B77005703C7 /* Build configuration list for PBXNativeTarget "CloudKitSwiftUI" */ = {
			isa = XCConfigurationList;
			buildConfigurations = (
				8BECE0C8243A2B77005703C7 /* Debug */,
				8BECE0C9243A2B77005703C7 /* Release */,
			);
			defaultConfigurationIsVisible = 0;
			defaultConfigurationName = Release;
		};
/* End XCConfigurationList section */
	};
	rootObject = 8BECE0AB243A2B74005703C7 /* Project object */;
}
